
Microsoft Visual Studio Solution File, Format Version 12.00
# Visual Studio Version 17
VisualStudioVersion = 17.5.33516.290
MinimumVisualStudioVersion = 10.0.40219.1
Project("{FAE04EC0-301F-11D3-BF4B-00C04F79EFBC}") = "COMP003B.Assignment3", "COMP003B.Assignment3\COMP003B.Assignment3.csproj", "{D090F5C6-04B7-423F-8B68-909FA5B70B52}"
EndProject
Global
	GlobalSection(SolutionConfigurationPlatforms) = preSolution
		Debug|Any CPU = Debug|Any CPU
		Release|Any CPU = Release|Any CPU
	EndGlobalSection
	GlobalSection(ProjectConfigurationPlatforms) = postSolution
		{D090F5C6-04B7-423F-8B68-909FA5B70B52}.Debug|Any CPU.ActiveCfg = Debug|Any CPU
		{D090F5C6-04B7-423F-8B68-909FA5B70B52}.Debug|Any CPU.Build.0 = Debug|Any CPU
		{D090F5C6-04B7-423F-8B68-909FA5B70B52}.Release|Any CPU.ActiveCfg = Release|Any CPU
		{D090F5C6-04B7-423F-8B68-909FA5B70B52}.Release|Any CPU.Build.0 = Release|Any CPU
	EndGlobalSection
	GlobalSection(SolutionProperties) = preSolution
		HideSolutionNode = FALSE
	EndGlobalSection
	GlobalSection(ExtensibilityGlobals) = postSolution
		SolutionGuid = {C6872B0D-EA15-4F20-AD9B-52F66BD5D7B6}
	EndGlobalSection
EndGlobal
